
Microsoft Visual Studio Solution File, Format Version 12.00
# Visual Studio 2012
Project("{FAE04EC0-301F-11D3-BF4B-00C04F79EFBC}") = "CIDeploy", "CIDeploy\CIDeploy.csproj", "{46C897B8-5F9E-4C1F-9ABD-0197FC071418}"
EndProject
Project("{2150E333-8FDC-42A3-9474-1A3956D46DE8}") = ".nuget", ".nuget", "{50425A0E-2156-418B-B292-AF017B500BFF}"
	ProjectSection(SolutionItems) = preProject
		.nuget\packages.config = .nuget\packages.config
	EndProjectSection
EndProject
Global
	GlobalSection(SolutionConfigurationPlatforms) = preSolution
		Debug|Any CPU = Debug|Any CPU
		Release|Any CPU = Release|Any CPU
	EndGlobalSection
	GlobalSection(ProjectConfigurationPlatforms) = postSolution
		{46C897B8-5F9E-4C1F-9ABD-0197FC071418}.Debug|Any CPU.ActiveCfg = Debug|Any CPU
		{46C897B8-5F9E-4C1F-9ABD-0197FC071418}.Debug|Any CPU.Build.0 = Debug|Any CPU
		{46C897B8-5F9E-4C1F-9ABD-0197FC071418}.Release|Any CPU.ActiveCfg = Release|Any CPU
		{46C897B8-5F9E-4C1F-9ABD-0197FC071418}.Release|Any CPU.Build.0 = Release|Any CPU
	EndGlobalSection
	GlobalSection(SolutionProperties) = preSolution
		HideSolutionNode = FALSE
	EndGlobalSection
EndGlobal
